
Microsoft Visual Studio Solution File, Format Version 12.00
# Visual Studio Version 17
VisualStudioVersion = 17.1.32421.90
MinimumVisualStudioVersion = 10.0.40219.1
Project("{FAE04EC0-301F-11D3-BF4B-00C04F79EFBC}") = "lr5", "lr5\lr5.csproj", "{EF481A9B-93B7-4358-8B44-BEC3793A89C3}"
EndProject
Global
	GlobalSection(SolutionConfigurationPlatforms) = preSolution
		Debug|Any CPU = Debug|Any CPU
		Release|Any CPU = Release|Any CPU
	EndGlobalSection
	GlobalSection(ProjectConfigurationPlatforms) = postSolution
		{EF481A9B-93B7-4358-8B44-BEC3793A89C3}.Debug|Any CPU.ActiveCfg = Debug|Any CPU
		{EF481A9B-93B7-4358-8B44-BEC3793A89C3}.Debug|Any CPU.Build.0 = Debug|Any CPU
		{EF481A9B-93B7-4358-8B44-BEC3793A89C3}.Release|Any CPU.ActiveCfg = Release|Any CPU
		{EF481A9B-93B7-4358-8B44-BEC3793A89C3}.Release|Any CPU.Build.0 = Release|Any CPU
	EndGlobalSection
	GlobalSection(SolutionProperties) = preSolution
		HideSolutionNode = FALSE
	EndGlobalSection
	GlobalSection(ExtensibilityGlobals) = postSolution
		SolutionGuid = {DF2C63C4-7B1B-4274-A8AF-512BED5CD5A3}
	EndGlobalSection
EndGlobal
